// !$*UTF8*$!
{
	archiveVersion = 1;
	classes = {
	};
	objectVersion = 51;
	objects = {

/* Begin PBXBuildFile section */
		58BF11A3860982BD082FB5B1 /* libPods-FeedbackAnalyticsUnitTests.a in Frameworks */ = {isa = PBXBuildFile; fileRef = 3C17A43DFE7B17C45ECBC90C /* libPods-FeedbackAnalyticsUnitTests.a */; };
		A24242762261194400B08683 /* AppDelegate.swift in Sources */ = {isa = PBXBuildFile; fileRef = A24242752261194400B08683 /* AppDelegate.swift */; };
		A242427D2261194500B08683 /* Assets.xcassets in Resources */ = {isa = PBXBuildFile; fileRef = A242427C2261194500B08683 /* Assets.xcassets */; };
		A242428D22611D0F00B08683 /* HomeScreenViewController.swift in Sources */ = {isa = PBXBuildFile; fileRef = A242428B22611D0F00B08683 /* HomeScreenViewController.swift */; };
		A242428E22611D0F00B08683 /* HomeScreenViewController.xib in Resources */ = {isa = PBXBuildFile; fileRef = A242428C22611D0F00B08683 /* HomeScreenViewController.xib */; };
		A24242A22261C5F300B08683 /* Service+Error+Decode.swift in Sources */ = {isa = PBXBuildFile; fileRef = A242429F2261C5F200B08683 /* Service+Error+Decode.swift */; };
		A24242A32261C5F300B08683 /* Route.swift in Sources */ = {isa = PBXBuildFile; fileRef = A24242A02261C5F300B08683 /* Route.swift */; };
		A24242A42261C5F300B08683 /* ServerConfig.swift in Sources */ = {isa = PBXBuildFile; fileRef = A24242A12261C5F300B08683 /* ServerConfig.swift */; };
		A24242A72261C5FF00B08683 /* Service.swift in Sources */ = {isa = PBXBuildFile; fileRef = A24242A52261C5FE00B08683 /* Service.swift */; };
		A24242A82261C5FF00B08683 /* ServiceType.swift in Sources */ = {isa = PBXBuildFile; fileRef = A24242A62261C5FE00B08683 /* ServiceType.swift */; };
		A24242B62261C69800B08683 /* ErrorHandler.swift in Sources */ = {isa = PBXBuildFile; fileRef = A24242AA2261C69700B08683 /* ErrorHandler.swift */; };
		A24242B72261C69800B08683 /* Result+MapValue.swift in Sources */ = {isa = PBXBuildFile; fileRef = A24242AB2261C69700B08683 /* Result+MapValue.swift */; };
		A24242B82261C69800B08683 /* ToastMessage.swift in Sources */ = {isa = PBXBuildFile; fileRef = A24242AC2261C69800B08683 /* ToastMessage.swift */; };
		A24242B92261C69800B08683 /* Network.swift in Sources */ = {isa = PBXBuildFile; fileRef = A24242AD2261C69800B08683 /* Network.swift */; };
		A24242BA2261C69800B08683 /* Operators.swift in Sources */ = {isa = PBXBuildFile; fileRef = A24242AE2261C69800B08683 /* Operators.swift */; };
		A24242BB2261C69800B08683 /* PulseAnimation.swift in Sources */ = {isa = PBXBuildFile; fileRef = A24242AF2261C69800B08683 /* PulseAnimation.swift */; };
		A24242BC2261C69800B08683 /* AppEnvironment.swift in Sources */ = {isa = PBXBuildFile; fileRef = A24242B02261C69800B08683 /* AppEnvironment.swift */; };
		A24242BD2261C69800B08683 /* DictionaryEncodable.swift in Sources */ = {isa = PBXBuildFile; fileRef = A24242B12261C69800B08683 /* DictionaryEncodable.swift */; };
		A24242C02261C69800B08683 /* Loader.swift in Sources */ = {isa = PBXBuildFile; fileRef = A24242B42261C69800B08683 /* Loader.swift */; };
		A24242C12261C69800B08683 /* Environment.swift in Sources */ = {isa = PBXBuildFile; fileRef = A24242B52261C69800B08683 /* Environment.swift */; };
		A24242C32261E3F100B08683 /* FACache.swift in Sources */ = {isa = PBXBuildFile; fileRef = A24242C22261E3F100B08683 /* FACache.swift */; };
		A24242F22261EB0600B08683 /* FeedbackDetailsResponse.swift in Sources */ = {isa = PBXBuildFile; fileRef = A24242F12261EB0600B08683 /* FeedbackDetailsResponse.swift */; };
		A24242F4226256AA00B08683 /* FeedbackDetailsCache.swift in Sources */ = {isa = PBXBuildFile; fileRef = A24242F3226256AA00B08683 /* FeedbackDetailsCache.swift */; };
		A24242F7226258B400B08683 /* FeedbackDetailsUsecase.swift in Sources */ = {isa = PBXBuildFile; fileRef = A24242F6226258B400B08683 /* FeedbackDetailsUsecase.swift */; };
		A24242FA22626F6300B08683 /* ReaderMonad.swift in Sources */ = {isa = PBXBuildFile; fileRef = A24242F922626F6300B08683 /* ReaderMonad.swift */; };
		A24242FE2263144800B08683 /* Sequence+Reader.swift in Sources */ = {isa = PBXBuildFile; fileRef = A24242FD2263144700B08683 /* Sequence+Reader.swift */; };
		A242430022633EE000B08683 /* FeedbackDetails.swift in Sources */ = {isa = PBXBuildFile; fileRef = A24242FF22633EE000B08683 /* FeedbackDetails.swift */; };
		A26282DC22AA44FF00C73D82 /* HttClient.swift in Sources */ = {isa = PBXBuildFile; fileRef = A26282DB22AA44FF00C73D82 /* HttClient.swift */; };
		A26282E422AA4E3D00C73D82 /* FeedbackAnalyticsUnitTests.swift in Sources */ = {isa = PBXBuildFile; fileRef = A26282E322AA4E3D00C73D82 /* FeedbackAnalyticsUnitTests.swift */; };
		A26282EC22AA4FDE00C73D82 /* FeedbackDetailsDataProcessingUsecase.swift in Sources */ = {isa = PBXBuildFile; fileRef = A26282EB22AA4FDE00C73D82 /* FeedbackDetailsDataProcessingUsecase.swift */; };
		A26282EE22AAA06000C73D82 /* RouterTest.swift in Sources */ = {isa = PBXBuildFile; fileRef = A26282ED22AAA06000C73D82 /* RouterTest.swift */; };
		A26282F022AAB11200C73D82 /* ServiceTest.swift in Sources */ = {isa = PBXBuildFile; fileRef = A26282EF22AAB11200C73D82 /* ServiceTest.swift */; };
		A26282F222AACB7000C73D82 /* FeedbackQueryUsecaseTest.swift in Sources */ = {isa = PBXBuildFile; fileRef = A26282F122AACB7000C73D82 /* FeedbackQueryUsecaseTest.swift */; };
		A27B07DD2266EC3700377D07 /* LineChartViewFormatter.swift in Sources */ = {isa = PBXBuildFile; fileRef = A27B07DC2266EC3700377D07 /* LineChartViewFormatter.swift */; };
		A27B07DF2266F3D300377D07 /* HomeScreenViewController+Charts.swift in Sources */ = {isa = PBXBuildFile; fileRef = A27B07DE2266F3D300377D07 /* HomeScreenViewController+Charts.swift */; };
		A27B07E12268661700377D07 /* ColorGenerator.swift in Sources */ = {isa = PBXBuildFile; fileRef = A27B07E02268661700377D07 /* ColorGenerator.swift */; };
		A27B07E32268934200377D07 /* Double+RoundValue.swift in Sources */ = {isa = PBXBuildFile; fileRef = A27B07E22268934200377D07 /* Double+RoundValue.swift */; };
		A2F3C0E322639ACF00A824D6 /* FeedbackQuery.swift in Sources */ = {isa = PBXBuildFile; fileRef = A2F3C0E222639ACF00A824D6 /* FeedbackQuery.swift */; };
		A2F3C0E72264197200A824D6 /* HomeScreenViewController+Calendar.swift in Sources */ = {isa = PBXBuildFile; fileRef = A2F3C0E62264197200A824D6 /* HomeScreenViewController+Calendar.swift */; };
		A2F3C0E922641B9E00A824D6 /* DateProtocol.swift in Sources */ = {isa = PBXBuildFile; fileRef = A2F3C0E822641B9E00A824D6 /* DateProtocol.swift */; };
		A2F3C0EE2264E94A00A824D6 /* HomeScreenViewModel.swift in Sources */ = {isa = PBXBuildFile; fileRef = A2F3C0ED2264E94A00A824D6 /* HomeScreenViewModel.swift */; };
		A2F3C0F42265A0CC00A824D6 /* Collection+Average.swift in Sources */ = {isa = PBXBuildFile; fileRef = A2F3C0F32265A0CC00A824D6 /* Collection+Average.swift */; };
		ACB06578896F3D8CEAC0694C /* libPods-FeedbackAnalytics.a in Frameworks */ = {isa = PBXBuildFile; fileRef = F7F1D15F63D548A022BDBEB3 /* libPods-FeedbackAnalytics.a */; };
/* End PBXBuildFile section */

/* Begin PBXContainerItemProxy section */
		A26282E622AA4E3D00C73D82 /* PBXContainerItemProxy */ = {
			isa = PBXContainerItemProxy;
			containerPortal = A242426A2261194400B08683 /* Project object */;
			proxyType = 1;
			remoteGlobalIDString = A24242712261194400B08683;
			remoteInfo = FeedbackAnalytics;
		};
/* End PBXContainerItemProxy section */

/* Begin PBXFileReference section */
		095DD6D4B1D01C39768B1676 /* Pods-FeedbackAnalytics.release.xcconfig */ = {isa = PBXFileReference; includeInIndex = 1; lastKnownFileType = text.xcconfig; name = "Pods-FeedbackAnalytics.release.xcconfig"; path = "Target Support Files/Pods-FeedbackAnalytics/Pods-FeedbackAnalytics.release.xcconfig"; sourceTree = "<group>"; };
		3C17A43DFE7B17C45ECBC90C /* libPods-FeedbackAnalyticsUnitTests.a */ = {isa = PBXFileReference; explicitFileType = archive.ar; includeInIndex = 0; path = "libPods-FeedbackAnalyticsUnitTests.a"; sourceTree = BUILT_PRODUCTS_DIR; };
		61A30AD149B1EADF6028C73C /* Pods-FeedbackAnalyticsUnitTests.debug.xcconfig */ = {isa = PBXFileReference; includeInIndex = 1; lastKnownFileType = text.xcconfig; name = "Pods-FeedbackAnalyticsUnitTests.debug.xcconfig"; path = "Target Support Files/Pods-FeedbackAnalyticsUnitTests/Pods-FeedbackAnalyticsUnitTests.debug.xcconfig"; sourceTree = "<group>"; };
		6362F37A1B8BDB197AD8B774 /* Pods-FeedbackAnalytics.debug.xcconfig */ = {isa = PBXFileReference; includeInIndex = 1; lastKnownFileType = text.xcconfig; name = "Pods-FeedbackAnalytics.debug.xcconfig"; path = "Target Support Files/Pods-FeedbackAnalytics/Pods-FeedbackAnalytics.debug.xcconfig"; sourceTree = "<group>"; };
		A24242722261194400B08683 /* FeedbackAnalytics.app */ = {isa = PBXFileReference; explicitFileType = wrapper.application; includeInIndex = 0; path = FeedbackAnalytics.app; sourceTree = BUILT_PRODUCTS_DIR; };
		A24242752261194400B08683 /* AppDelegate.swift */ = {isa = PBXFileReference; lastKnownFileType = sourcecode.swift; path = AppDelegate.swift; sourceTree = "<group>"; };
		A242427C2261194500B08683 /* Assets.xcassets */ = {isa = PBXFileReference; lastKnownFileType = folder.assetcatalog; path = Assets.xcassets; sourceTree = "<group>"; };
		A24242812261194500B08683 /* Info.plist */ = {isa = PBXFileReference; lastKnownFileType = text.plist.xml; path = Info.plist; sourceTree = "<group>"; };
		A242428B22611D0F00B08683 /* HomeScreenViewController.swift */ = {isa = PBXFileReference; lastKnownFileType = sourcecode.swift; path = HomeScreenViewController.swift; sourceTree = "<group>"; };
		A242428C22611D0F00B08683 /* HomeScreenViewController.xib */ = {isa = PBXFileReference; lastKnownFileType = file.xib; path = HomeScreenViewController.xib; sourceTree = "<group>"; };
		A242429F2261C5F200B08683 /* Service+Error+Decode.swift */ = {isa = PBXFileReference; fileEncoding = 4; lastKnownFileType = sourcecode.swift; path = "Service+Error+Decode.swift"; sourceTree = "<group>"; };
		A24242A02261C5F300B08683 /* Route.swift */ = {isa = PBXFileReference; fileEncoding = 4; lastKnownFileType = sourcecode.swift; path = Route.swift; sourceTree = "<group>"; };
		A24242A12261C5F300B08683 /* ServerConfig.swift */ = {isa = PBXFileReference; fileEncoding = 4; lastKnownFileType = sourcecode.swift; path = ServerConfig.swift; sourceTree = "<group>"; };
		A24242A52261C5FE00B08683 /* Service.swift */ = {isa = PBXFileReference; fileEncoding = 4; lastKnownFileType = sourcecode.swift; path = Service.swift; sourceTree = "<group>"; };
		A24242A62261C5FE00B08683 /* ServiceType.swift */ = {isa = PBXFileReference; fileEncoding = 4; lastKnownFileType = sourcecode.swift; path = ServiceType.swift; sourceTree = "<group>"; };
		A24242AA2261C69700B08683 /* ErrorHandler.swift */ = {isa = PBXFileReference; fileEncoding = 4; lastKnownFileType = sourcecode.swift; path = ErrorHandler.swift; sourceTree = "<group>"; };
		A24242AB2261C69700B08683 /* Result+MapValue.swift */ = {isa = PBXFileReference; fileEncoding = 4; lastKnownFileType = sourcecode.swift; path = "Result+MapValue.swift"; sourceTree = "<group>"; };
		A24242AC2261C69800B08683 /* ToastMessage.swift */ = {isa = PBXFileReference; fileEncoding = 4; lastKnownFileType = sourcecode.swift; path = ToastMessage.swift; sourceTree = "<group>"; };
		A24242AD2261C69800B08683 /* Network.swift */ = {isa = PBXFileReference; fileEncoding = 4; lastKnownFileType = sourcecode.swift; path = Network.swift; sourceTree = "<group>"; };
		A24242AE2261C69800B08683 /* Operators.swift */ = {isa = PBXFileReference; fileEncoding = 4; lastKnownFileType = sourcecode.swift; path = Operators.swift; sourceTree = "<group>"; };
		A24242AF2261C69800B08683 /* PulseAnimation.swift */ = {isa = PBXFileReference; fileEncoding = 4; lastKnownFileType = sourcecode.swift; path = PulseAnimation.swift; sourceTree = "<group>"; };
		A24242B02261C69800B08683 /* AppEnvironment.swift */ = {isa = PBXFileReference; fileEncoding = 4; lastKnownFileType = sourcecode.swift; path = AppEnvironment.swift; sourceTree = "<group>"; };
		A24242B12261C69800B08683 /* DictionaryEncodable.swift */ = {isa = PBXFileReference; fileEncoding = 4; lastKnownFileType = sourcecode.swift; path = DictionaryEncodable.swift; sourceTree = "<group>"; };
		A24242B42261C69800B08683 /* Loader.swift */ = {isa = PBXFileReference; fileEncoding = 4; lastKnownFileType = sourcecode.swift; path = Loader.swift; sourceTree = "<group>"; };
		A24242B52261C69800B08683 /* Environment.swift */ = {isa = PBXFileReference; fileEncoding = 4; lastKnownFileType = sourcecode.swift; path = Environment.swift; sourceTree = "<group>"; };
		A24242C22261E3F100B08683 /* FACache.swift */ = {isa = PBXFileReference; lastKnownFileType = sourcecode.swift; path = FACache.swift; sourceTree = "<group>"; };
		A24242F12261EB0600B08683 /* FeedbackDetailsResponse.swift */ = {isa = PBXFileReference; lastKnownFileType = sourcecode.swift; path = FeedbackDetailsResponse.swift; sourceTree = "<group>"; };
		A24242F3226256AA00B08683 /* FeedbackDetailsCache.swift */ = {isa = PBXFileReference; lastKnownFileType = sourcecode.swift; path = FeedbackDetailsCache.swift; sourceTree = "<group>"; };
		A24242F6226258B400B08683 /* FeedbackDetailsUsecase.swift */ = {isa = PBXFileReference; lastKnownFileType = sourcecode.swift; path = FeedbackDetailsUsecase.swift; sourceTree = "<group>"; };
		A24242F922626F6300B08683 /* ReaderMonad.swift */ = {isa = PBXFileReference; lastKnownFileType = sourcecode.swift; path = ReaderMonad.swift; sourceTree = "<group>"; };
		A24242FD2263144700B08683 /* Sequence+Reader.swift */ = {isa = PBXFileReference; lastKnownFileType = sourcecode.swift; path = "Sequence+Reader.swift"; sourceTree = "<group>"; };
		A24242FF22633EE000B08683 /* FeedbackDetails.swift */ = {isa = PBXFileReference; lastKnownFileType = sourcecode.swift; path = FeedbackDetails.swift; sourceTree = "<group>"; };
		A26282DB22AA44FF00C73D82 /* HttClient.swift */ = {isa = PBXFileReference; lastKnownFileType = sourcecode.swift; path = HttClient.swift; sourceTree = "<group>"; };
		A26282E122AA4E3D00C73D82 /* FeedbackAnalyticsUnitTests.xctest */ = {isa = PBXFileReference; explicitFileType = wrapper.cfbundle; includeInIndex = 0; path = FeedbackAnalyticsUnitTests.xctest; sourceTree = BUILT_PRODUCTS_DIR; };
		A26282E322AA4E3D00C73D82 /* FeedbackAnalyticsUnitTests.swift */ = {isa = PBXFileReference; lastKnownFileType = sourcecode.swift; path = FeedbackAnalyticsUnitTests.swift; sourceTree = "<group>"; };
		A26282E522AA4E3D00C73D82 /* Info.plist */ = {isa = PBXFileReference; lastKnownFileType = text.plist.xml; path = Info.plist; sourceTree = "<group>"; };
		A26282EB22AA4FDE00C73D82 /* FeedbackDetailsDataProcessingUsecase.swift */ = {isa = PBXFileReference; lastKnownFileType = sourcecode.swift; path = FeedbackDetailsDataProcessingUsecase.swift; sourceTree = "<group>"; };
		A26282ED22AAA06000C73D82 /* RouterTest.swift */ = {isa = PBXFileReference; lastKnownFileType = sourcecode.swift; path = RouterTest.swift; sourceTree = "<group>"; };
		A26282EF22AAB11200C73D82 /* ServiceTest.swift */ = {isa = PBXFileReference; lastKnownFileType = sourcecode.swift; path = ServiceTest.swift; sourceTree = "<group>"; };
		A26282F122AACB7000C73D82 /* FeedbackQueryUsecaseTest.swift */ = {isa = PBXFileReference; lastKnownFileType = sourcecode.swift; path = FeedbackQueryUsecaseTest.swift; sourceTree = "<group>"; };
		A27B07DC2266EC3700377D07 /* LineChartViewFormatter.swift */ = {isa = PBXFileReference; lastKnownFileType = sourcecode.swift; path = LineChartViewFormatter.swift; sourceTree = "<group>"; };
		A27B07DE2266F3D300377D07 /* HomeScreenViewController+Charts.swift */ = {isa = PBXFileReference; lastKnownFileType = sourcecode.swift; path = "HomeScreenViewController+Charts.swift"; sourceTree = "<group>"; };
		A27B07E02268661700377D07 /* ColorGenerator.swift */ = {isa = PBXFileReference; lastKnownFileType = sourcecode.swift; path = ColorGenerator.swift; sourceTree = "<group>"; };
		A27B07E22268934200377D07 /* Double+RoundValue.swift */ = {isa = PBXFileReference; lastKnownFileType = sourcecode.swift; path = "Double+RoundValue.swift"; sourceTree = "<group>"; };
		A2F3C0E222639ACF00A824D6 /* FeedbackQuery.swift */ = {isa = PBXFileReference; lastKnownFileType = sourcecode.swift; path = FeedbackQuery.swift; sourceTree = "<group>"; };
		A2F3C0E62264197200A824D6 /* HomeScreenViewController+Calendar.swift */ = {isa = PBXFileReference; lastKnownFileType = sourcecode.swift; path = "HomeScreenViewController+Calendar.swift"; sourceTree = "<group>"; };
		A2F3C0E822641B9E00A824D6 /* DateProtocol.swift */ = {isa = PBXFileReference; lastKnownFileType = sourcecode.swift; path = DateProtocol.swift; sourceTree = "<group>"; };
		A2F3C0ED2264E94A00A824D6 /* HomeScreenViewModel.swift */ = {isa = PBXFileReference; lastKnownFileType = sourcecode.swift; path = HomeScreenViewModel.swift; sourceTree = "<group>"; };
		A2F3C0F32265A0CC00A824D6 /* Collection+Average.swift */ = {isa = PBXFileReference; lastKnownFileType = sourcecode.swift; path = "Collection+Average.swift"; sourceTree = "<group>"; };
		F7F1D15F63D548A022BDBEB3 /* libPods-FeedbackAnalytics.a */ = {isa = PBXFileReference; explicitFileType = archive.ar; includeInIndex = 0; path = "libPods-FeedbackAnalytics.a"; sourceTree = BUILT_PRODUCTS_DIR; };
		FB282768AF462D76E8F2614F /* Pods-FeedbackAnalyticsUnitTests.release.xcconfig */ = {isa = PBXFileReference; includeInIndex = 1; lastKnownFileType = text.xcconfig; name = "Pods-FeedbackAnalyticsUnitTests.release.xcconfig"; path = "Target Support Files/Pods-FeedbackAnalyticsUnitTests/Pods-FeedbackAnalyticsUnitTests.release.xcconfig"; sourceTree = "<group>"; };
/* End PBXFileReference section */

/* Begin PBXFrameworksBuildPhase section */
		A242426F2261194400B08683 /* Frameworks */ = {
			isa = PBXFrameworksBuildPhase;
			buildActionMask = 2147483647;
			files = (
				ACB06578896F3D8CEAC0694C /* libPods-FeedbackAnalytics.a in Frameworks */,
			);
			runOnlyForDeploymentPostprocessing = 0;
		};
		A26282DE22AA4E3D00C73D82 /* Frameworks */ = {
			isa = PBXFrameworksBuildPhase;
			buildActionMask = 2147483647;
			files = (
				58BF11A3860982BD082FB5B1 /* libPods-FeedbackAnalyticsUnitTests.a in Frameworks */,
			);
			runOnlyForDeploymentPostprocessing = 0;
		};
/* End PBXFrameworksBuildPhase section */

/* Begin PBXGroup section */
		0F12627480E0DD4F293BAA94 /* Pods */ = {
			isa = PBXGroup;
			children = (
				6362F37A1B8BDB197AD8B774 /* Pods-FeedbackAnalytics.debug.xcconfig */,
				095DD6D4B1D01C39768B1676 /* Pods-FeedbackAnalytics.release.xcconfig */,
				61A30AD149B1EADF6028C73C /* Pods-FeedbackAnalyticsUnitTests.debug.xcconfig */,
				FB282768AF462D76E8F2614F /* Pods-FeedbackAnalyticsUnitTests.release.xcconfig */,
			);
			path = Pods;
			sourceTree = "<group>";
		};
		4B8D4A856BDEB382D809526B /* Frameworks */ = {
			isa = PBXGroup;
			children = (
				F7F1D15F63D548A022BDBEB3 /* libPods-FeedbackAnalytics.a */,
				3C17A43DFE7B17C45ECBC90C /* libPods-FeedbackAnalyticsUnitTests.a */,
			);
			name = Frameworks;
			sourceTree = "<group>";
		};
		A24242692261194300B08683 = {
			isa = PBXGroup;
			children = (
				A24242742261194400B08683 /* FeedbackAnalytics */,
				A26282E222AA4E3D00C73D82 /* FeedbackAnalyticsUnitTests */,
				A24242732261194400B08683 /* Products */,
				0F12627480E0DD4F293BAA94 /* Pods */,
				4B8D4A856BDEB382D809526B /* Frameworks */,
			);
			sourceTree = "<group>";
		};
		A24242732261194400B08683 /* Products */ = {
			isa = PBXGroup;
			children = (
				A24242722261194400B08683 /* FeedbackAnalytics.app */,
				A26282E122AA4E3D00C73D82 /* FeedbackAnalyticsUnitTests.xctest */,
			);
			name = Products;
			sourceTree = "<group>";
		};
		A24242742261194400B08683 /* FeedbackAnalytics */ = {
			isa = PBXGroup;
			children = (
				A2F3C0EC2264E90B00A824D6 /* ViewModels */,
				A2F3C0E42264194400A824D6 /* ViewControllers */,
				A24242F5226257E900B08683 /* Usecases */,
				A24242C42261E65B00B08683 /* Models */,
				A24242A92261C65500B08683 /* Library */,
				A242429D2261C35D00B08683 /* Service */,
				A24242752261194400B08683 /* AppDelegate.swift */,
				A242427C2261194500B08683 /* Assets.xcassets */,
				A24242812261194500B08683 /* Info.plist */,
				A242428B22611D0F00B08683 /* HomeScreenViewController.swift */,
				A242428C22611D0F00B08683 /* HomeScreenViewController.xib */,
			);
			path = FeedbackAnalytics;
			sourceTree = "<group>";
		};
		A242429D2261C35D00B08683 /* Service */ = {
			isa = PBXGroup;
			children = (
				A24242A52261C5FE00B08683 /* Service.swift */,
				A26282EF22AAB11200C73D82 /* ServiceTest.swift */,
				A24242A62261C5FE00B08683 /* ServiceType.swift */,
				A242429E2261C37200B08683 /* Libs */,
			);
			path = Service;
			sourceTree = "<group>";
		};
		A242429E2261C37200B08683 /* Libs */ = {
			isa = PBXGroup;
			children = (
				A24242A02261C5F300B08683 /* Route.swift */,
				A26282ED22AAA06000C73D82 /* RouterTest.swift */,
				A24242A12261C5F300B08683 /* ServerConfig.swift */,
				A242429F2261C5F200B08683 /* Service+Error+Decode.swift */,
				A24242F3226256AA00B08683 /* FeedbackDetailsCache.swift */,
				A26282DB22AA44FF00C73D82 /* HttClient.swift */,
			);
			path = Libs;
			sourceTree = "<group>";
		};
		A24242A92261C65500B08683 /* Library */ = {
			isa = PBXGroup;
			children = (
				A24242B02261C69800B08683 /* AppEnvironment.swift */,
				A24242B12261C69800B08683 /* DictionaryEncodable.swift */,
				A24242B52261C69800B08683 /* Environment.swift */,
				A24242AA2261C69700B08683 /* ErrorHandler.swift */,
				A24242B42261C69800B08683 /* Loader.swift */,
				A24242AD2261C69800B08683 /* Network.swift */,
				A24242AE2261C69800B08683 /* Operators.swift */,
				A24242AF2261C69800B08683 /* PulseAnimation.swift */,
				A24242AB2261C69700B08683 /* Result+MapValue.swift */,
				A24242AC2261C69800B08683 /* ToastMessage.swift */,
				A24242C22261E3F100B08683 /* FACache.swift */,
				A24242F922626F6300B08683 /* ReaderMonad.swift */,
				A24242FD2263144700B08683 /* Sequence+Reader.swift */,
				A2F3C0E822641B9E00A824D6 /* DateProtocol.swift */,
				A2F3C0F32265A0CC00A824D6 /* Collection+Average.swift */,
				A27B07E02268661700377D07 /* ColorGenerator.swift */,
				A27B07E22268934200377D07 /* Double+RoundValue.swift */,
			);
			path = Library;
			sourceTree = "<group>";
		};
		A24242C42261E65B00B08683 /* Models */ = {
			isa = PBXGroup;
			children = (
				A24242F822625D2300B08683 /* Domain */,
				A24242C52261E66100B08683 /* Response */,
			);
			path = Models;
			sourceTree = "<group>";
		};
		A24242C52261E66100B08683 /* Response */ = {
			isa = PBXGroup;
			children = (
				A24242F12261EB0600B08683 /* FeedbackDetailsResponse.swift */,
			);
			path = Response;
			sourceTree = "<group>";
		};
		A24242F5226257E900B08683 /* Usecases */ = {
			isa = PBXGroup;
			children = (
				A24242F6226258B400B08683 /* FeedbackDetailsUsecase.swift */,
				A2F3C0E222639ACF00A824D6 /* FeedbackQuery.swift */,
				A26282F122AACB7000C73D82 /* FeedbackQueryUsecaseTest.swift */,
				A26282EB22AA4FDE00C73D82 /* FeedbackDetailsDataProcessingUsecase.swift */,
			);
			path = Usecases;
			sourceTree = "<group>";
		};
		A24242F822625D2300B08683 /* Domain */ = {
			isa = PBXGroup;
			children = (
				A24242FF22633EE000B08683 /* FeedbackDetails.swift */,
			);
			path = Domain;
			sourceTree = "<group>";
		};
		A26282E222AA4E3D00C73D82 /* FeedbackAnalyticsUnitTests */ = {
			isa = PBXGroup;
			children = (
				A26282E322AA4E3D00C73D82 /* FeedbackAnalyticsUnitTests.swift */,
				A26282E522AA4E3D00C73D82 /* Info.plist */,
			);
			path = FeedbackAnalyticsUnitTests;
			sourceTree = "<group>";
		};
		A27B07DB2266EC1F00377D07 /* Charts */ = {
			isa = PBXGroup;
			children = (
				A27B07DC2266EC3700377D07 /* LineChartViewFormatter.swift */,
			);
			path = Charts;
			sourceTree = "<group>";
		};
		A2F3C0E42264194400A824D6 /* ViewControllers */ = {
			isa = PBXGroup;
			children = (
				A27B07DB2266EC1F00377D07 /* Charts */,
				A2F3C0E52264195500A824D6 /* Extensions */,
			);
			path = ViewControllers;
			sourceTree = "<group>";
		};
		A2F3C0E52264195500A824D6 /* Extensions */ = {
			isa = PBXGroup;
			children = (
				A2F3C0E62264197200A824D6 /* HomeScreenViewController+Calendar.swift */,
				A27B07DE2266F3D300377D07 /* HomeScreenViewController+Charts.swift */,
			);
			path = Extensions;
			sourceTree = "<group>";
		};
		A2F3C0EC2264E90B00A824D6 /* ViewModels */ = {
			isa = PBXGroup;
			children = (
				A2F3C0ED2264E94A00A824D6 /* HomeScreenViewModel.swift */,
			);
			path = ViewModels;
			sourceTree = "<group>";
		};
/* End PBXGroup section */

/* Begin PBXNativeTarget section */
		A24242712261194400B08683 /* FeedbackAnalytics */ = {
			isa = PBXNativeTarget;
			buildConfigurationList = A24242842261194500B08683 /* Build configuration list for PBXNativeTarget "FeedbackAnalytics" */;
			buildPhases = (
				AA4ED66AE3AF5059879C9A52 /* [CP] Check Pods Manifest.lock */,
				A242426E2261194400B08683 /* Sources */,
				A242426F2261194400B08683 /* Frameworks */,
				A24242702261194400B08683 /* Resources */,
				8DAA062E212DE0408E4B71DC /* [CP] Copy Pods Resources */,
			);
			buildRules = (
			);
			dependencies = (
			);
			name = FeedbackAnalytics;
			productName = FeedbackAnalytics;
			productReference = A24242722261194400B08683 /* FeedbackAnalytics.app */;
			productType = "com.apple.product-type.application";
		};
		A26282E022AA4E3D00C73D82 /* FeedbackAnalyticsUnitTests */ = {
			isa = PBXNativeTarget;
			buildConfigurationList = A26282E822AA4E3D00C73D82 /* Build configuration list for PBXNativeTarget "FeedbackAnalyticsUnitTests" */;
			buildPhases = (
				79CA1136190859514060E963 /* [CP] Check Pods Manifest.lock */,
				A26282DD22AA4E3D00C73D82 /* Sources */,
				A26282DE22AA4E3D00C73D82 /* Frameworks */,
				A26282DF22AA4E3D00C73D82 /* Resources */,
				A27DD61526FEAE5D09AAF172 /* [CP] Copy Pods Resources */,
			);
			buildRules = (
			);
			dependencies = (
				A26282E722AA4E3D00C73D82 /* PBXTargetDependency */,
			);
			name = FeedbackAnalyticsUnitTests;
			productName = FeedbackAnalyticsUnitTests;
			productReference = A26282E122AA4E3D00C73D82 /* FeedbackAnalyticsUnitTests.xctest */;
			productType = "com.apple.product-type.bundle.unit-test";
		};
/* End PBXNativeTarget section */

/* Begin PBXProject section */
		A242426A2261194400B08683 /* Project object */ = {
			isa = PBXProject;
			attributes = {
				LastSwiftUpdateCheck = 1020;
				LastUpgradeCheck = 1010;
				ORGANIZATIONNAME = balraj;
				TargetAttributes = {
					A24242712261194400B08683 = {
						CreatedOnToolsVersion = 10.1;
					};
					A26282E022AA4E3D00C73D82 = {
						CreatedOnToolsVersion = 10.2.1;
						TestTargetID = A24242712261194400B08683;
					};
				};
			};
			buildConfigurationList = A242426D2261194400B08683 /* Build configuration list for PBXProject "FeedbackAnalytics" */;
			compatibilityVersion = "Xcode 9.3";
			developmentRegion = en;
			hasScannedForEncodings = 0;
			knownRegions = (
				en,
				Base,
			);
			mainGroup = A24242692261194300B08683;
			productRefGroup = A24242732261194400B08683 /* Products */;
			projectDirPath = "";
			projectRoot = "";
			targets = (
				A24242712261194400B08683 /* FeedbackAnalytics */,
				A26282E022AA4E3D00C73D82 /* FeedbackAnalyticsUnitTests */,
			);
		};
/* End PBXProject section */

/* Begin PBXResourcesBuildPhase section */
		A24242702261194400B08683 /* Resources */ = {
			isa = PBXResourcesBuildPhase;
			buildActionMask = 2147483647;
			files = (
				A242427D2261194500B08683 /* Assets.xcassets in Resources */,
				A242428E22611D0F00B08683 /* HomeScreenViewController.xib in Resources */,
			);
			runOnlyForDeploymentPostprocessing = 0;
		};
		A26282DF22AA4E3D00C73D82 /* Resources */ = {
			isa = PBXResourcesBuildPhase;
			buildActionMask = 2147483647;
			files = (
			);
			runOnlyForDeploymentPostprocessing = 0;
		};
/* End PBXResourcesBuildPhase section */

/* Begin PBXShellScriptBuildPhase section */
		79CA1136190859514060E963 /* [CP] Check Pods Manifest.lock */ = {
			isa = PBXShellScriptBuildPhase;
			buildActionMask = 2147483647;
			files = (
			);
			inputFileListPaths = (
			);
			inputPaths = (
				"${PODS_PODFILE_DIR_PATH}/Podfile.lock",
				"${PODS_ROOT}/Manifest.lock",
			);
			name = "[CP] Check Pods Manifest.lock";
			outputFileListPaths = (
			);
			outputPaths = (
				"$(DERIVED_FILE_DIR)/Pods-FeedbackAnalyticsUnitTests-checkManifestLockResult.txt",
			);
			runOnlyForDeploymentPostprocessing = 0;
			shellPath = /bin/sh;
			shellScript = "diff \"${PODS_PODFILE_DIR_PATH}/Podfile.lock\" \"${PODS_ROOT}/Manifest.lock\" > /dev/null\nif [ $? != 0 ] ; then\n    # print error to STDERR\n    echo \"error: The sandbox is not in sync with the Podfile.lock. Run 'pod install' or update your CocoaPods installation.\" >&2\n    exit 1\nfi\n# This output is used by Xcode 'outputs' to avoid re-running this script phase.\necho \"SUCCESS\" > \"${SCRIPT_OUTPUT_FILE_0}\"\n";
			showEnvVarsInLog = 0;
		};
		8DAA062E212DE0408E4B71DC /* [CP] Copy Pods Resources */ = {
			isa = PBXShellScriptBuildPhase;
			buildActionMask = 2147483647;
			files = (
			);
			inputFileListPaths = (
				"${PODS_ROOT}/Target Support Files/Pods-FeedbackAnalytics/Pods-FeedbackAnalytics-resources-${CONFIGURATION}-input-files.xcfilelist",
			);
			name = "[CP] Copy Pods Resources";
			outputFileListPaths = (
				"${PODS_ROOT}/Target Support Files/Pods-FeedbackAnalytics/Pods-FeedbackAnalytics-resources-${CONFIGURATION}-output-files.xcfilelist",
			);
			runOnlyForDeploymentPostprocessing = 0;
			shellPath = /bin/sh;
			shellScript = "\"${PODS_ROOT}/Target Support Files/Pods-FeedbackAnalytics/Pods-FeedbackAnalytics-resources.sh\"\n";
			showEnvVarsInLog = 0;
		};
		A27DD61526FEAE5D09AAF172 /* [CP] Copy Pods Resources */ = {
			isa = PBXShellScriptBuildPhase;
			buildActionMask = 2147483647;
			files = (
			);
			inputFileListPaths = (
				"${PODS_ROOT}/Target Support Files/Pods-FeedbackAnalyticsUnitTests/Pods-FeedbackAnalyticsUnitTests-resources-${CONFIGURATION}-input-files.xcfilelist",
			);
			name = "[CP] Copy Pods Resources";
			outputFileListPaths = (
				"${PODS_ROOT}/Target Support Files/Pods-FeedbackAnalyticsUnitTests/Pods-FeedbackAnalyticsUnitTests-resources-${CONFIGURATION}-output-files.xcfilelist",
			);
			runOnlyForDeploymentPostprocessing = 0;
			shellPath = /bin/sh;
			shellScript = "\"${PODS_ROOT}/Target Support Files/Pods-FeedbackAnalyticsUnitTests/Pods-FeedbackAnalyticsUnitTests-resources.sh\"\n";
			showEnvVarsInLog = 0;
		};
		AA4ED66AE3AF5059879C9A52 /* [CP] Check Pods Manifest.lock */ = {
			isa = PBXShellScriptBuildPhase;
			buildActionMask = 2147483647;
			files = (
			);
			inputFileListPaths = (
			);
			inputPaths = (
				"${PODS_PODFILE_DIR_PATH}/Podfile.lock",
				"${PODS_ROOT}/Manifest.lock",
			);
			name = "[CP] Check Pods Manifest.lock";
			outputFileListPaths = (
			);
			outputPaths = (
				"$(DERIVED_FILE_DIR)/Pods-FeedbackAnalytics-checkManifestLockResult.txt",
			);
			runOnlyForDeploymentPostprocessing = 0;
			shellPath = /bin/sh;
			shellScript = "diff \"${PODS_PODFILE_DIR_PATH}/Podfile.lock\" \"${PODS_ROOT}/Manifest.lock\" > /dev/null\nif [ $? != 0 ] ; then\n    # print error to STDERR\n    echo \"error: The sandbox is not in sync with the Podfile.lock. Run 'pod install' or update your CocoaPods installation.\" >&2\n    exit 1\nfi\n# This output is used by Xcode 'outputs' to avoid re-running this script phase.\necho \"SUCCESS\" > \"${SCRIPT_OUTPUT_FILE_0}\"\n";
			showEnvVarsInLog = 0;
		};
/* End PBXShellScriptBuildPhase section */

/* Begin PBXSourcesBuildPhase section */
		A242426E2261194400B08683 /* Sources */ = {
			isa = PBXSourcesBuildPhase;
			buildActionMask = 2147483647;
			files = (
				A27B07DD2266EC3700377D07 /* LineChartViewFormatter.swift in Sources */,
				A24242FA22626F6300B08683 /* ReaderMonad.swift in Sources */,
				A24242A42261C5F300B08683 /* ServerConfig.swift in Sources */,
				A24242F7226258B400B08683 /* FeedbackDetailsUsecase.swift in Sources */,
				A24242BD2261C69800B08683 /* DictionaryEncodable.swift in Sources */,
				A24242762261194400B08683 /* AppDelegate.swift in Sources */,
				A2F3C0E72264197200A824D6 /* HomeScreenViewController+Calendar.swift in Sources */,
				A24242C32261E3F100B08683 /* FACache.swift in Sources */,
				A2F3C0EE2264E94A00A824D6 /* HomeScreenViewModel.swift in Sources */,
				A27B07E12268661700377D07 /* ColorGenerator.swift in Sources */,
				A24242A32261C5F300B08683 /* Route.swift in Sources */,
				A24242B82261C69800B08683 /* ToastMessage.swift in Sources */,
				A242428D22611D0F00B08683 /* HomeScreenViewController.swift in Sources */,
				A2F3C0E322639ACF00A824D6 /* FeedbackQuery.swift in Sources */,
				A27B07DF2266F3D300377D07 /* HomeScreenViewController+Charts.swift in Sources */,
				A26282EC22AA4FDE00C73D82 /* FeedbackDetailsDataProcessingUsecase.swift in Sources */,
				A24242BA2261C69800B08683 /* Operators.swift in Sources */,
				A24242C02261C69800B08683 /* Loader.swift in Sources */,
				A27B07E32268934200377D07 /* Double+RoundValue.swift in Sources */,
				A24242FE2263144800B08683 /* Sequence+Reader.swift in Sources */,
				A24242B92261C69800B08683 /* Network.swift in Sources */,
				A24242BC2261C69800B08683 /* AppEnvironment.swift in Sources */,
				A2F3C0F42265A0CC00A824D6 /* Collection+Average.swift in Sources */,
				A242430022633EE000B08683 /* FeedbackDetails.swift in Sources */,
				A26282DC22AA44FF00C73D82 /* HttClient.swift in Sources */,
				A24242A22261C5F300B08683 /* Service+Error+Decode.swift in Sources */,
				A24242BB2261C69800B08683 /* PulseAnimation.swift in Sources */,
				A24242B62261C69800B08683 /* ErrorHandler.swift in Sources */,
				A2F3C0E922641B9E00A824D6 /* DateProtocol.swift in Sources */,
				A24242C12261C69800B08683 /* Environment.swift in Sources */,
				A24242A72261C5FF00B08683 /* Service.swift in Sources */,
				A24242A82261C5FF00B08683 /* ServiceType.swift in Sources */,
				A24242F22261EB0600B08683 /* FeedbackDetailsResponse.swift in Sources */,
				A24242F4226256AA00B08683 /* FeedbackDetailsCache.swift in Sources */,
				A24242B72261C69800B08683 /* Result+MapValue.swift in Sources */,
			);
			runOnlyForDeploymentPostprocessing = 0;
		};
		A26282DD22AA4E3D00C73D82 /* Sources */ = {
			isa = PBXSourcesBuildPhase;
			buildActionMask = 2147483647;
			files = (
				A26282EE22AAA06000C73D82 /* RouterTest.swift in Sources */,
				A26282F222AACB7000C73D82 /* FeedbackQueryUsecaseTest.swift in Sources */,
				A26282E422AA4E3D00C73D82 /* FeedbackAnalyticsUnitTests.swift in Sources */,
				A26282F022AAB11200C73D82 /* ServiceTest.swift in Sources */,
			);
			runOnlyForDeploymentPostprocessing = 0;
		};
/* End PBXSourcesBuildPhase section */

/* Begin PBXTargetDependency section */
		A26282E722AA4E3D00C73D82 /* PBXTargetDependency */ = {
			isa = PBXTargetDependency;
			target = A24242712261194400B08683 /* FeedbackAnalytics */;
			targetProxy = A26282E622AA4E3D00C73D82 /* PBXContainerItemProxy */;
		};
/* End PBXTargetDependency section */

/* Begin XCBuildConfiguration section */
		A24242822261194500B08683 /* Debug */ = {
			isa = XCBuildConfiguration;
			buildSettings = {
				ALWAYS_SEARCH_USER_PATHS = NO;
				CLANG_ANALYZER_NONNULL = YES;
				CLANG_ANALYZER_NUMBER_OBJECT_CONVERSION = YES_AGGRESSIVE;
				CLANG_CXX_LANGUAGE_STANDARD = "gnu++14";
				CLANG_CXX_LIBRARY = "libc++";
				CLANG_ENABLE_MODULES = YES;
				CLANG_ENABLE_OBJC_ARC = YES;
				CLANG_ENABLE_OBJC_WEAK = YES;
				CLANG_WARN_BLOCK_CAPTURE_AUTORELEASING = YES;
				CLANG_WARN_BOOL_CONVERSION = YES;
				CLANG_WARN_COMMA = YES;
				CLANG_WARN_CONSTANT_CONVERSION = YES;
				CLANG_WARN_DEPRECATED_OBJC_IMPLEMENTATIONS = YES;
				CLANG_WARN_DIRECT_OBJC_ISA_USAGE = YES_ERROR;
				CLANG_WARN_DOCUMENTATION_COMMENTS = YES;
				CLANG_WARN_EMPTY_BODY = YES;
				CLANG_WARN_ENUM_CONVERSION = YES;
				CLANG_WARN_INFINITE_RECURSION = YES;
				CLANG_WARN_INT_CONVERSION = YES;
				CLANG_WARN_NON_LITERAL_NULL_CONVERSION = YES;
				CLANG_WARN_OBJC_IMPLICIT_RETAIN_SELF = YES;
				CLANG_WARN_OBJC_LITERAL_CONVERSION = YES;
				CLANG_WARN_OBJC_ROOT_CLASS = YES_ERROR;
				CLANG_WARN_RANGE_LOOP_ANALYSIS = YES;
				CLANG_WARN_STRICT_PROTOTYPES = YES;
				CLANG_WARN_SUSPICIOUS_MOVE = YES;
				CLANG_WARN_UNGUARDED_AVAILABILITY = YES_AGGRESSIVE;
				CLANG_WARN_UNREACHABLE_CODE = YES;
				CLANG_WARN__DUPLICATE_METHOD_MATCH = YES;
				CODE_SIGN_IDENTITY = "iPhone Developer";
				COPY_PHASE_STRIP = NO;
				DEBUG_INFORMATION_FORMAT = dwarf;
				ENABLE_STRICT_OBJC_MSGSEND = YES;
				ENABLE_TESTABILITY = YES;
				GCC_C_LANGUAGE_STANDARD = gnu11;
				GCC_DYNAMIC_NO_PIC = NO;
				GCC_NO_COMMON_BLOCKS = YES;
				GCC_OPTIMIZATION_LEVEL = 0;
				GCC_PREPROCESSOR_DEFINITIONS = (
					"DEBUG=1",
					"$(inherited)",
				);
				GCC_WARN_64_TO_32_BIT_CONVERSION = YES;
				GCC_WARN_ABOUT_RETURN_TYPE = YES_ERROR;
				GCC_WARN_UNDECLARED_SELECTOR = YES;
				GCC_WARN_UNINITIALIZED_AUTOS = YES_AGGRESSIVE;
				GCC_WARN_UNUSED_FUNCTION = YES;
				GCC_WARN_UNUSED_VARIABLE = YES;
				IPHONEOS_DEPLOYMENT_TARGET = 12.1;
				MTL_ENABLE_DEBUG_INFO = INCLUDE_SOURCE;
				MTL_FAST_MATH = YES;
				ONLY_ACTIVE_ARCH = YES;
				SDKROOT = iphoneos;
				SWIFT_ACTIVE_COMPILATION_CONDITIONS = DEBUG;
				SWIFT_OPTIMIZATION_LEVEL = "-Onone";
			};
			name = Debug;
		};
		A24242832261194500B08683 /* Release */ = {
			isa = XCBuildConfiguration;
			buildSettings = {
				ALWAYS_SEARCH_USER_PATHS = NO;
				CLANG_ANALYZER_NONNULL = YES;
				CLANG_ANALYZER_NUMBER_OBJECT_CONVERSION = YES_AGGRESSIVE;
				CLANG_CXX_LANGUAGE_STANDARD = "gnu++14";
				CLANG_CXX_LIBRARY = "libc++";
				CLANG_ENABLE_MODULES = YES;
				CLANG_ENABLE_OBJC_ARC = YES;
				CLANG_ENABLE_OBJC_WEAK = YES;
				CLANG_WARN_BLOCK_CAPTURE_AUTORELEASING = YES;
				CLANG_WARN_BOOL_CONVERSION = YES;
				CLANG_WARN_COMMA = YES;
				CLANG_WARN_CONSTANT_CONVERSION = YES;
				CLANG_WARN_DEPRECATED_OBJC_IMPLEMENTATIONS = YES;
				CLANG_WARN_DIRECT_OBJC_ISA_USAGE = YES_ERROR;
				CLANG_WARN_DOCUMENTATION_COMMENTS = YES;
				CLANG_WARN_EMPTY_BODY = YES;
				CLANG_WARN_ENUM_CONVERSION = YES;
				CLANG_WARN_INFINITE_RECURSION = YES;
				CLANG_WARN_INT_CONVERSION = YES;
				CLANG_WARN_NON_LITERAL_NULL_CONVERSION = YES;
				CLANG_WARN_OBJC_IMPLICIT_RETAIN_SELF = YES;
				CLANG_WARN_OBJC_LITERAL_CONVERSION = YES;
				CLANG_WARN_OBJC_ROOT_CLASS = YES_ERROR;
				CLANG_WARN_RANGE_LOOP_ANALYSIS = YES;
				CLANG_WARN_STRICT_PROTOTYPES = YES;
				CLANG_WARN_SUSPICIOUS_MOVE = YES;
				CLANG_WARN_UNGUARDED_AVAILABILITY = YES_AGGRESSIVE;
				CLANG_WARN_UNREACHABLE_CODE = YES;
				CLANG_WARN__DUPLICATE_METHOD_MATCH = YES;
				CODE_SIGN_IDENTITY = "iPhone Developer";
				COPY_PHASE_STRIP = NO;
				DEBUG_INFORMATION_FORMAT = "dwarf-with-dsym";
				ENABLE_NS_ASSERTIONS = NO;
				ENABLE_STRICT_OBJC_MSGSEND = YES;
				GCC_C_LANGUAGE_STANDARD = gnu11;
				GCC_NO_COMMON_BLOCKS = YES;
				GCC_WARN_64_TO_32_BIT_CONVERSION = YES;
				GCC_WARN_ABOUT_RETURN_TYPE = YES_ERROR;
				GCC_WARN_UNDECLARED_SELECTOR = YES;
				GCC_WARN_UNINITIALIZED_AUTOS = YES_AGGRESSIVE;
				GCC_WARN_UNUSED_FUNCTION = YES;
				GCC_WARN_UNUSED_VARIABLE = YES;
				IPHONEOS_DEPLOYMENT_TARGET = 12.1;
				MTL_ENABLE_DEBUG_INFO = NO;
				MTL_FAST_MATH = YES;
				SDKROOT = iphoneos;
				SWIFT_COMPILATION_MODE = wholemodule;
				SWIFT_OPTIMIZATION_LEVEL = "-O";
				VALIDATE_PRODUCT = YES;
			};
			name = Release;
		};
		A24242852261194500B08683 /* Debug */ = {
			isa = XCBuildConfiguration;
			baseConfigurationReference = 6362F37A1B8BDB197AD8B774 /* Pods-FeedbackAnalytics.debug.xcconfig */;
			buildSettings = {
				ASSETCATALOG_COMPILER_APPICON_NAME = AppIcon;
				CODE_SIGN_STYLE = Automatic;
				DEVELOPMENT_TEAM = 998QCUR89P;
				INFOPLIST_FILE = FeedbackAnalytics/Info.plist;
				IPHONEOS_DEPLOYMENT_TARGET = 11.0;
				LD_RUNPATH_SEARCH_PATHS = (
					"$(inherited)",
					"@executable_path/Frameworks",
				);
				PRODUCT_BUNDLE_IDENTIFIER = com.balraj.FeedbackAnalytics;
				PRODUCT_NAME = "$(TARGET_NAME)";
				SWIFT_VERSION = 5.0;
				TARGETED_DEVICE_FAMILY = 1;
			};
			name = Debug;
		};
		A24242862261194500B08683 /* Release */ = {
			isa = XCBuildConfiguration;
			baseConfigurationReference = 095DD6D4B1D01C39768B1676 /* Pods-FeedbackAnalytics.release.xcconfig */;
			buildSettings = {
				ASSETCATALOG_COMPILER_APPICON_NAME = AppIcon;
				CODE_SIGN_STYLE = Automatic;
				DEVELOPMENT_TEAM = 998QCUR89P;
				INFOPLIST_FILE = FeedbackAnalytics/Info.plist;
				IPHONEOS_DEPLOYMENT_TARGET = 11.0;
				LD_RUNPATH_SEARCH_PATHS = (
					"$(inherited)",
					"@executable_path/Frameworks",
				);
				PRODUCT_BUNDLE_IDENTIFIER = com.balraj.FeedbackAnalytics;
				PRODUCT_NAME = "$(TARGET_NAME)";
				SWIFT_VERSION = 5.0;
				TARGETED_DEVICE_FAMILY = 1;
			};
			name = Release;
		};
		A26282E922AA4E3D00C73D82 /* Debug */ = {
			isa = XCBuildConfiguration;
			baseConfigurationReference = 61A30AD149B1EADF6028C73C /* Pods-FeedbackAnalyticsUnitTests.debug.xcconfig */;
			buildSettings = {
				BUNDLE_LOADER = "$(TEST_HOST)";
				CODE_SIGN_STYLE = Automatic;
				DEVELOPMENT_TEAM = 998QCUR89P;
				INFOPLIST_FILE = FeedbackAnalyticsUnitTests/Info.plist;
				IPHONEOS_DEPLOYMENT_TARGET = 11.0;
				LD_RUNPATH_SEARCH_PATHS = (
					"$(inherited)",
					"@executable_path/Frameworks",
					"@loader_path/Frameworks",
				);
				PRODUCT_BUNDLE_IDENTIFIER = com.Balraj.FeedbackAnalyticsUnitTests;
				PRODUCT_NAME = "$(TARGET_NAME)";
				SWIFT_VERSION = 5.0;
				TARGETED_DEVICE_FAMILY = 1;
				TEST_HOST = "$(BUILT_PRODUCTS_DIR)/FeedbackAnalytics.app/FeedbackAnalytics";
			};
			name = Debug;
		};
		A26282EA22AA4E3D00C73D82 /* Release */ = {
			isa = XCBuildConfiguration;
			baseConfigurationReference = FB282768AF462D76E8F2614F /* Pods-FeedbackAnalyticsUnitTests.release.xcconfig */;
			buildSettings = {
				BUNDLE_LOADER = "$(TEST_HOST)";
				CODE_SIGN_STYLE = Automatic;
				DEVELOPMENT_TEAM = 998QCUR89P;
				INFOPLIST_FILE = FeedbackAnalyticsUnitTests/Info.plist;
				IPHONEOS_DEPLOYMENT_TARGET = 11.0;
				LD_RUNPATH_SEARCH_PATHS = (
					"$(inherited)",
					"@executable_path/Frameworks",
					"@loader_path/Frameworks",
				);
				PRODUCT_BUNDLE_IDENTIFIER = com.Balraj.FeedbackAnalyticsUnitTests;
				PRODUCT_NAME = "$(TARGET_NAME)";
				SWIFT_VERSION = 5.0;
				TARGETED_DEVICE_FAMILY = 1;
				TEST_HOST = "$(BUILT_PRODUCTS_DIR)/FeedbackAnalytics.app/FeedbackAnalytics";
			};
			name = Release;
		};
/* End XCBuildConfiguration section */

/* Begin XCConfigurationList section */
		A242426D2261194400B08683 /* Build configuration list for PBXProject "FeedbackAnalytics" */ = {
			isa = XCConfigurationList;
			buildConfigurations = (
				A24242822261194500B08683 /* Debug */,
				A24242832261194500B08683 /* Release */,
			);
			defaultConfigurationIsVisible = 0;
			defaultConfigurationName = Release;
		};
		A24242842261194500B08683 /* Build configuration list for PBXNativeTarget "FeedbackAnalytics" */ = {
			isa = XCConfigurationList;
			buildConfigurations = (
				A24242852261194500B08683 /* Debug */,
				A24242862261194500B08683 /* Release */,
			);
			defaultConfigurationIsVisible = 0;
			defaultConfigurationName = Release;
		};
		A26282E822AA4E3D00C73D82 /* Build configuration list for PBXNativeTarget "FeedbackAnalyticsUnitTests" */ = {
			isa = XCConfigurationList;
			buildConfigurations = (
				A26282E922AA4E3D00C73D82 /* Debug */,
				A26282EA22AA4E3D00C73D82 /* Release */,
			);
			defaultConfigurationIsVisible = 0;
			defaultConfigurationName = Release;
		};
/* End XCConfigurationList section */
	};
	rootObject = A242426A2261194400B08683 /* Project object */;
}
